
Microsoft Visual Studio Solution File, Format Version 12.00
# Visual Studio Version 16
VisualStudioVersion = 16.0.30406.217
MinimumVisualStudioVersion = 10.0.40219.1
Project("{9A19103F-16F7-4668-BE54-9A1E7A4F7556}") = "LETS.Web", "LETS.Web\LETS.Web.csproj", "{8BA9837B-D3C0-42C7-AEEB-C4E1758BDCC1}"
EndProject
Project("{9A19103F-16F7-4668-BE54-9A1E7A4F7556}") = "LETS", "OrchardCore.LETS\LETS.csproj", "{71EB61DF-0768-460E-A865-AABFA649A9BF}"
EndProject
Project("{9A19103F-16F7-4668-BE54-9A1E7A4F7556}") = "LETS.Tests", "OrchardCore.LETS\Tests\LETS.Tests.csproj", "{FC762025-93DE-4B9E-81BD-4E71BFA019D0}"
EndProject
Project("{E53339B2-1760-4266-BCC7-CA923CBCF16C}") = "docker-compose", "docker-compose.dcproj", "{D37F8AA5-40EE-4492-936D-9BFA8251606F}"
EndProject
Global
	GlobalSection(SolutionConfigurationPlatforms) = preSolution
		Debug|Any CPU = Debug|Any CPU
		Release|Any CPU = Release|Any CPU
	EndGlobalSection
	GlobalSection(ProjectConfigurationPlatforms) = postSolution
		{8BA9837B-D3C0-42C7-AEEB-C4E1758BDCC1}.Debug|Any CPU.ActiveCfg = Debug|Any CPU
		{8BA9837B-D3C0-42C7-AEEB-C4E1758BDCC1}.Debug|Any CPU.Build.0 = Debug|Any CPU
		{8BA9837B-D3C0-42C7-AEEB-C4E1758BDCC1}.Release|Any CPU.ActiveCfg = Release|Any CPU
		{8BA9837B-D3C0-42C7-AEEB-C4E1758BDCC1}.Release|Any CPU.Build.0 = Release|Any CPU
		{71EB61DF-0768-460E-A865-AABFA649A9BF}.Debug|Any CPU.ActiveCfg = Debug|Any CPU
		{71EB61DF-0768-460E-A865-AABFA649A9BF}.Debug|Any CPU.Build.0 = Debug|Any CPU
		{71EB61DF-0768-460E-A865-AABFA649A9BF}.Release|Any CPU.ActiveCfg = Release|Any CPU
		{71EB61DF-0768-460E-A865-AABFA649A9BF}.Release|Any CPU.Build.0 = Release|Any CPU
		{FC762025-93DE-4B9E-81BD-4E71BFA019D0}.Debug|Any CPU.ActiveCfg = Debug|Any CPU
		{FC762025-93DE-4B9E-81BD-4E71BFA019D0}.Debug|Any CPU.Build.0 = Debug|Any CPU
		{FC762025-93DE-4B9E-81BD-4E71BFA019D0}.Release|Any CPU.ActiveCfg = Release|Any CPU
		{FC762025-93DE-4B9E-81BD-4E71BFA019D0}.Release|Any CPU.Build.0 = Release|Any CPU
		{D37F8AA5-40EE-4492-936D-9BFA8251606F}.Debug|Any CPU.ActiveCfg = Debug|Any CPU
		{D37F8AA5-40EE-4492-936D-9BFA8251606F}.Debug|Any CPU.Build.0 = Debug|Any CPU
		{D37F8AA5-40EE-4492-936D-9BFA8251606F}.Release|Any CPU.ActiveCfg = Release|Any CPU
		{D37F8AA5-40EE-4492-936D-9BFA8251606F}.Release|Any CPU.Build.0 = Release|Any CPU
	EndGlobalSection
	GlobalSection(SolutionProperties) = preSolution
		HideSolutionNode = FALSE
	EndGlobalSection
	GlobalSection(ExtensibilityGlobals) = postSolution
		SolutionGuid = {4D9CF713-5B0E-45A0-B924-B67C06AAB16B}
	EndGlobalSection
EndGlobal
