
Microsoft Visual Studio Solution File, Format Version 12.00
# Visual Studio Version 16
VisualStudioVersion = 16.0.30406.217
MinimumVisualStudioVersion = 10.0.40219.1
Project("{FAE04EC0-301F-11D3-BF4B-00C04F79EFBC}") = "LETS.Web", "LETS.Web\LETS.Web.csproj", "{8BA9837B-D3C0-42C7-AEEB-C4E1758BDCC1}"
EndProject
Global
	GlobalSection(SolutionConfigurationPlatforms) = preSolution
		Debug|Any CPU = Debug|Any CPU
		Release|Any CPU = Release|Any CPU
	EndGlobalSection
	GlobalSection(ProjectConfigurationPlatforms) = postSolution
		{8BA9837B-D3C0-42C7-AEEB-C4E1758BDCC1}.Debug|Any CPU.ActiveCfg = Debug|Any CPU
		{8BA9837B-D3C0-42C7-AEEB-C4E1758BDCC1}.Debug|Any CPU.Build.0 = Debug|Any CPU
		{8BA9837B-D3C0-42C7-AEEB-C4E1758BDCC1}.Release|Any CPU.ActiveCfg = Release|Any CPU
		{8BA9837B-D3C0-42C7-AEEB-C4E1758BDCC1}.Release|Any CPU.Build.0 = Release|Any CPU
	EndGlobalSection
	GlobalSection(SolutionProperties) = preSolution
		HideSolutionNode = FALSE
	EndGlobalSection
	GlobalSection(ExtensibilityGlobals) = postSolution
		SolutionGuid = {4D9CF713-5B0E-45A0-B924-B67C06AAB16B}
	EndGlobalSection
EndGlobal
